
Microsoft Visual Studio Solution File, Format Version 12.00
# Visual Studio Version 17
VisualStudioVersion = 17.7.34024.191
MinimumVisualStudioVersion = 10.0.40219.1
Project("{FAE04EC0-301F-11D3-BF4B-00C04F79EFBC}") = "Reolmarkedet", "Reolmarkedet\Reolmarkedet.csproj", "{2DA05D9C-1710-4737-8148-2C8B1A5DF337}"
EndProject
Global
	GlobalSection(SolutionConfigurationPlatforms) = preSolution
		Debug|Any CPU = Debug|Any CPU
		Release|Any CPU = Release|Any CPU
	EndGlobalSection
	GlobalSection(ProjectConfigurationPlatforms) = postSolution
		{2DA05D9C-1710-4737-8148-2C8B1A5DF337}.Debug|Any CPU.ActiveCfg = Debug|Any CPU
		{2DA05D9C-1710-4737-8148-2C8B1A5DF337}.Debug|Any CPU.Build.0 = Debug|Any CPU
		{2DA05D9C-1710-4737-8148-2C8B1A5DF337}.Release|Any CPU.ActiveCfg = Release|Any CPU
		{2DA05D9C-1710-4737-8148-2C8B1A5DF337}.Release|Any CPU.Build.0 = Release|Any CPU
	EndGlobalSection
	GlobalSection(SolutionProperties) = preSolution
		HideSolutionNode = FALSE
	EndGlobalSection
	GlobalSection(ExtensibilityGlobals) = postSolution
		SolutionGuid = {B1D15C6D-40C8-415A-ADFD-A86152721C68}
	EndGlobalSection
EndGlobal
